
Microsoft Visual Studio Solution File, Format Version 12.00
# Visual Studio Version 17
VisualStudioVersion = 17.8.34322.80
MinimumVisualStudioVersion = 10.0.40219.1
Project("{9A19103F-16F7-4668-BE54-9A1E7A4F7556}") = "WebApp", "v3\WebApp.csproj", "{D34F2301-7DCC-4A1F-8F73-A0FC3C96B6A2}"
EndProject
Global
	GlobalSection(SolutionConfigurationPlatforms) = preSolution
		Debug|Any CPU = Debug|Any CPU
		Release|Any CPU = Release|Any CPU
	EndGlobalSection
	GlobalSection(ProjectConfigurationPlatforms) = postSolution
		{D34F2301-7DCC-4A1F-8F73-A0FC3C96B6A2}.Debug|Any CPU.ActiveCfg = Debug|Any CPU
		{D34F2301-7DCC-4A1F-8F73-A0FC3C96B6A2}.Debug|Any CPU.Build.0 = Debug|Any CPU
		{D34F2301-7DCC-4A1F-8F73-A0FC3C96B6A2}.Release|Any CPU.ActiveCfg = Release|Any CPU
		{D34F2301-7DCC-4A1F-8F73-A0FC3C96B6A2}.Release|Any CPU.Build.0 = Release|Any CPU
	EndGlobalSection
	GlobalSection(SolutionProperties) = preSolution
		HideSolutionNode = FALSE
	EndGlobalSection
	GlobalSection(ExtensibilityGlobals) = postSolution
		SolutionGuid = {EBAB5426-7C0C-4DD3-BD81-E97E4052684E}
	EndGlobalSection
EndGlobal
